
Microsoft Visual Studio Solution File, Format Version 9.00
# Visual Studio 2005
Project("{8BC9CEB8-8B4A-11D0-8D11-00A0C91BC942}") = "libimobiledevice", "libimobiledevice.vcproj", "{B65BD286-B2AE-4B9B-9D4D-9F0FB72FBB89}"
EndProject
Project("{8BC9CEB8-8B4A-11D0-8D11-00A0C91BC942}") = "test", "test\test.vcproj", "{B95F8F48-4969-40DE-A00B-AB5AAFCA089F}"
	ProjectSection(ProjectDependencies) = postProject
		{B65BD286-B2AE-4B9B-9D4D-9F0FB72FBB89} = {B65BD286-B2AE-4B9B-9D4D-9F0FB72FBB89}
	EndProjectSection
EndProject
Global
	GlobalSection(SolutionConfigurationPlatforms) = preSolution
		Debug|Win32 = Debug|Win32
		Release|Win32 = Release|Win32
	EndGlobalSection
	GlobalSection(ProjectConfigurationPlatforms) = postSolution
		{B65BD286-B2AE-4B9B-9D4D-9F0FB72FBB89}.Debug|Win32.ActiveCfg = Debug|Win32
		{B65BD286-B2AE-4B9B-9D4D-9F0FB72FBB89}.Debug|Win32.Build.0 = Debug|Win32
		{B65BD286-B2AE-4B9B-9D4D-9F0FB72FBB89}.Release|Win32.ActiveCfg = Release|Win32
		{B65BD286-B2AE-4B9B-9D4D-9F0FB72FBB89}.Release|Win32.Build.0 = Release|Win32
		{B95F8F48-4969-40DE-A00B-AB5AAFCA089F}.Debug|Win32.ActiveCfg = Debug|Win32
		{B95F8F48-4969-40DE-A00B-AB5AAFCA089F}.Debug|Win32.Build.0 = Debug|Win32
		{B95F8F48-4969-40DE-A00B-AB5AAFCA089F}.Release|Win32.ActiveCfg = Release|Win32
		{B95F8F48-4969-40DE-A00B-AB5AAFCA089F}.Release|Win32.Build.0 = Release|Win32
	EndGlobalSection
	GlobalSection(SolutionProperties) = preSolution
		HideSolutionNode = FALSE
	EndGlobalSection
EndGlobal
