<?xml version="1.0" encoding="utf-8"?>
<Project ToolsVersion="4.0" xmlns="http://schemas.microsoft.com/developer/msbuild/2003">
  <ItemGroup>
    <Filter Include="libimobiledevice">
      <UniqueIdentifier>{90004eb0-456f-4125-beae-044f1b6b6b98}</UniqueIdentifier>
    </Filter>
    <Filter Include="libplist">
      <UniqueIdentifier>{1c50a772-8e0f-4e70-ae75-8aa79550de62}</UniqueIdentifier>
    </Filter>
    <Filter Include="libcnary">
      <UniqueIdentifier>{65252032-9c07-4a6b-9177-7b9a3f147d8b}</UniqueIdentifier>
    </Filter>
    <Filter Include="usbmuxd">
      <UniqueIdentifier>{513366a0-66c8-4fc9-b91f-99831e436b8c}</UniqueIdentifier>
    </Filter>
  </ItemGroup>
  <ItemGroup>
    <ClCompile Include="libimobiledevice\afc.cpp">
      <Filter>libimobiledevice</Filter>
    </ClCompile>
    <ClCompile Include="libimobiledevice\debug.cpp">
      <Filter>libimobiledevice</Filter>
    </ClCompile>
    <ClCompile Include="libimobiledevice\device_link_service.cpp">
      <Filter>libimobiledevice</Filter>
    </ClCompile>
    <ClCompile Include="libimobiledevice\diagnostics_relay.cpp">
      <Filter>libimobiledevice</Filter>
    </ClCompile>
    <ClCompile Include="libimobiledevice\file_relay.cpp">
      <Filter>libimobiledevice</Filter>
    </ClCompile>
    <ClCompile Include="libimobiledevice\heartbeat.cpp">
      <Filter>libimobiledevice</Filter>
    </ClCompile>
    <ClCompile Include="libimobiledevice\house_arrest.cpp">
      <Filter>libimobiledevice</Filter>
    </ClCompile>
    <ClCompile Include="libimobiledevice\idevice.cpp">
      <Filter>libimobiledevice</Filter>
    </ClCompile>
    <ClCompile Include="libimobiledevice\installation_proxy.cpp">
      <Filter>libimobiledevice</Filter>
    </ClCompile>
    <ClCompile Include="libimobiledevice\lockdown.cpp">
      <Filter>libimobiledevice</Filter>
    </ClCompile>
    <ClCompile Include="libimobiledevice\misagent.cpp">
      <Filter>libimobiledevice</Filter>
    </ClCompile>
    <ClCompile Include="libimobiledevice\mobile_image_mounter.cpp">
      <Filter>libimobiledevice</Filter>
    </ClCompile>
    <ClCompile Include="libimobiledevice\mobilebackup.cpp">
      <Filter>libimobiledevice</Filter>
    </ClCompile>
    <ClCompile Include="libimobiledevice\mobilebackup2.cpp">
      <Filter>libimobiledevice</Filter>
    </ClCompile>
    <ClCompile Include="libimobiledevice\mobilesync.cpp">
      <Filter>libimobiledevice</Filter>
    </ClCompile>
    <ClCompile Include="libimobiledevice\notification_proxy.cpp">
      <Filter>libimobiledevice</Filter>
    </ClCompile>
    <ClCompile Include="libimobiledevice\property_list_service.cpp">
      <Filter>libimobiledevice</Filter>
    </ClCompile>
    <ClCompile Include="libimobiledevice\restore.cpp">
      <Filter>libimobiledevice</Filter>
    </ClCompile>
    <ClCompile Include="libimobiledevice\sbservices.cpp">
      <Filter>libimobiledevice</Filter>
    </ClCompile>
    <ClCompile Include="libimobiledevice\screenshotr.cpp">
      <Filter>libimobiledevice</Filter>
    </ClCompile>
    <ClCompile Include="libimobiledevice\service.cpp">
      <Filter>libimobiledevice</Filter>
    </ClCompile>
    <ClCompile Include="libimobiledevice\userpref.cpp">
      <Filter>libimobiledevice</Filter>
    </ClCompile>
    <ClCompile Include="libimobiledevice\webinspector.cpp">
      <Filter>libimobiledevice</Filter>
    </ClCompile>
    <ClCompile Include="libplist-1.9\src\Array.cpp">
      <Filter>libplist</Filter>
    </ClCompile>
    <ClCompile Include="libplist-1.9\src\base64.cpp">
      <Filter>libplist</Filter>
    </ClCompile>
    <ClCompile Include="libplist-1.9\src\Boolean.cpp">
      <Filter>libplist</Filter>
    </ClCompile>
    <ClCompile Include="libplist-1.9\src\bplist.cpp">
      <Filter>libplist</Filter>
    </ClCompile>
    <ClCompile Include="libplist-1.9\src\bytearray.cpp">
      <Filter>libplist</Filter>
    </ClCompile>
    <ClCompile Include="libplist-1.9\src\Data.cpp">
      <Filter>libplist</Filter>
    </ClCompile>
    <ClCompile Include="libplist-1.9\src\Date.cpp">
      <Filter>libplist</Filter>
    </ClCompile>
    <ClCompile Include="libplist-1.9\src\Dictionary.cpp">
      <Filter>libplist</Filter>
    </ClCompile>
    <ClCompile Include="libplist-1.9\src\hashtable.cpp">
      <Filter>libplist</Filter>
    </ClCompile>
    <ClCompile Include="libplist-1.9\src\Integer.cpp">
      <Filter>libplist</Filter>
    </ClCompile>
    <ClCompile Include="libplist-1.9\src\Key.cpp">
      <Filter>libplist</Filter>
    </ClCompile>
    <ClCompile Include="libplist-1.9\src\Node.cpp">
      <Filter>libplist</Filter>
    </ClCompile>
    <ClCompile Include="libplist-1.9\src\plist.cpp">
      <Filter>libplist</Filter>
    </ClCompile>
    <ClCompile Include="libplist-1.9\src\ptrarray.cpp">
      <Filter>libplist</Filter>
    </ClCompile>
    <ClCompile Include="libplist-1.9\src\Real.cpp">
      <Filter>libplist</Filter>
    </ClCompile>
    <ClCompile Include="libplist-1.9\src\String.cpp">
      <Filter>libplist</Filter>
    </ClCompile>
    <ClCompile Include="libplist-1.9\src\Structure.cpp">
      <Filter>libplist</Filter>
    </ClCompile>
    <ClCompile Include="libplist-1.9\src\xplist.cpp">
      <Filter>libplist</Filter>
    </ClCompile>
    <ClCompile Include="libcnary\iterator.cpp">
      <Filter>libcnary</Filter>
    </ClCompile>
    <ClCompile Include="libcnary\list.cpp">
      <Filter>libcnary</Filter>
    </ClCompile>
    <ClCompile Include="libcnary\node.cpp">
      <Filter>libcnary</Filter>
    </ClCompile>
    <ClCompile Include="libcnary\node_iterator.cpp">
      <Filter>libcnary</Filter>
    </ClCompile>
    <ClCompile Include="libcnary\node_list.cpp">
      <Filter>libcnary</Filter>
    </ClCompile>
    <ClCompile Include="usbmuxd-1.0.8\libusbmuxd\libusbmuxd.cpp">
      <Filter>usbmuxd</Filter>
    </ClCompile>
    <ClCompile Include="usbmuxd-1.0.8\libusbmuxd\sock_stuff.cpp">
      <Filter>usbmuxd</Filter>
    </ClCompile>
    <ClCompile Include="usbmuxd-1.0.8\libusbmuxd\utils.cpp">
      <Filter>usbmuxd</Filter>
    </ClCompile>
    <ClCompile Include="main.cpp" />
  </ItemGroup>
  <ItemGroup>
    <ClInclude Include="libimobiledevice\afc.h">
      <Filter>libimobiledevice</Filter>
    </ClInclude>
    <ClInclude Include="libimobiledevice\debug.h">
      <Filter>libimobiledevice</Filter>
    </ClInclude>
    <ClInclude Include="libimobiledevice\device_link_service.h">
      <Filter>libimobiledevice</Filter>
    </ClInclude>
    <ClInclude Include="libimobiledevice\diagnostics_relay.h">
      <Filter>libimobiledevice</Filter>
    </ClInclude>
    <ClInclude Include="libimobiledevice\dirent.h">
      <Filter>libimobiledevice</Filter>
    </ClInclude>
    <ClInclude Include="libimobiledevice\file_relay.h">
      <Filter>libimobiledevice</Filter>
    </ClInclude>
    <ClInclude Include="libimobiledevice\heartbeat.h">
      <Filter>libimobiledevice</Filter>
    </ClInclude>
    <ClInclude Include="libimobiledevice\house_arrest.h">
      <Filter>libimobiledevice</Filter>
    </ClInclude>
    <ClInclude Include="libimobiledevice\idevice.h">
      <Filter>libimobiledevice</Filter>
    </ClInclude>
    <ClInclude Include="libimobiledevice\installation_proxy.h">
      <Filter>libimobiledevice</Filter>
    </ClInclude>
    <ClInclude Include="libimobiledevice\lockdown.h">
      <Filter>libimobiledevice</Filter>
    </ClInclude>
    <ClInclude Include="libimobiledevice\misagent.h">
      <Filter>libimobiledevice</Filter>
    </ClInclude>
    <ClInclude Include="libimobiledevice\mobile_image_mounter.h">
      <Filter>libimobiledevice</Filter>
    </ClInclude>
    <ClInclude Include="libimobiledevice\mobilebackup.h">
      <Filter>libimobiledevice</Filter>
    </ClInclude>
    <ClInclude Include="libimobiledevice\mobilebackup2.h">
      <Filter>libimobiledevice</Filter>
    </ClInclude>
    <ClInclude Include="libimobiledevice\mobilesync.h">
      <Filter>libimobiledevice</Filter>
    </ClInclude>
    <ClInclude Include="libimobiledevice\notification_proxy.h">
      <Filter>libimobiledevice</Filter>
    </ClInclude>
    <ClInclude Include="libimobiledevice\property_list_service.h">
      <Filter>libimobiledevice</Filter>
    </ClInclude>
    <ClInclude Include="libimobiledevice\restore.h">
      <Filter>libimobiledevice</Filter>
    </ClInclude>
    <ClInclude Include="libimobiledevice\sbservices.h">
      <Filter>libimobiledevice</Filter>
    </ClInclude>
    <ClInclude Include="libimobiledevice\screenshotr.h">
      <Filter>libimobiledevice</Filter>
    </ClInclude>
    <ClInclude Include="libimobiledevice\service.h">
      <Filter>libimobiledevice</Filter>
    </ClInclude>
    <ClInclude Include="libimobiledevice\userpref.h">
      <Filter>libimobiledevice</Filter>
    </ClInclude>
    <ClInclude Include="libimobiledevice\webinspector.h">
      <Filter>libimobiledevice</Filter>
    </ClInclude>
    <ClInclude Include="libplist-1.9\src\base64.h">
      <Filter>libplist</Filter>
    </ClInclude>
    <ClInclude Include="libplist-1.9\src\bytearray.h">
      <Filter>libplist</Filter>
    </ClInclude>
    <ClInclude Include="libplist-1.9\src\common.h">
      <Filter>libplist</Filter>
    </ClInclude>
    <ClInclude Include="libplist-1.9\src\hashtable.h">
      <Filter>libplist</Filter>
    </ClInclude>
    <ClInclude Include="libplist-1.9\src\plist.h">
      <Filter>libplist</Filter>
    </ClInclude>
    <ClInclude Include="libplist-1.9\src\ptrarray.h">
      <Filter>libplist</Filter>
    </ClInclude>
    <ClInclude Include="usbmuxd-1.0.8\libusbmuxd\sock_stuff.h">
      <Filter>usbmuxd</Filter>
    </ClInclude>
    <ClInclude Include="usbmuxd-1.0.8\libusbmuxd\usbmuxd-proto.h">
      <Filter>usbmuxd</Filter>
    </ClInclude>
    <ClInclude Include="usbmuxd-1.0.8\libusbmuxd\usbmuxd.h">
      <Filter>usbmuxd</Filter>
    </ClInclude>
    <ClInclude Include="usbmuxd-1.0.8\libusbmuxd\utils.h">
      <Filter>usbmuxd</Filter>
    </ClInclude>
  </ItemGroup>
</Project>